
Microsoft Visual Studio Solution File, Format Version 12.00
# Visual Studio Version 17
VisualStudioVersion = 17.9.34714.143
MinimumVisualStudioVersion = 10.0.40219.1
Project("{9A19103F-16F7-4668-BE54-9A1E7A4F7556}") = "WebApplication1", "WebApplication1\WebApplication1.csproj", "{CD8C84D0-983C-49F5-BB25-9A098A0A5CE1}"
EndProject
Project("{9A19103F-16F7-4668-BE54-9A1E7A4F7556}") = "PdfGenerator", "..\PdfGenerator\PdfGenerator\PdfGenerator.csproj", "{FA04DD6F-9542-400B-9CD6-019E2D70ADB0}"
EndProject
Project("{FAE04EC0-301F-11D3-BF4B-00C04F79EFBC}") = "GeneratePdf", "..\GeneratePdf\GeneratePdf\GeneratePdf.csproj", "{9CF5BC40-1FA2-4A50-9212-D972F3B77669}"
EndProject
Global
	GlobalSection(SolutionConfigurationPlatforms) = preSolution
		Debug|Any CPU = Debug|Any CPU
		Debug|x86 = Debug|x86
		Release|Any CPU = Release|Any CPU
		Release|x86 = Release|x86
	EndGlobalSection
	GlobalSection(ProjectConfigurationPlatforms) = postSolution
		{CD8C84D0-983C-49F5-BB25-9A098A0A5CE1}.Debug|Any CPU.ActiveCfg = Debug|Any CPU
		{CD8C84D0-983C-49F5-BB25-9A098A0A5CE1}.Debug|Any CPU.Build.0 = Debug|Any CPU
		{CD8C84D0-983C-49F5-BB25-9A098A0A5CE1}.Debug|x86.ActiveCfg = Debug|Any CPU
		{CD8C84D0-983C-49F5-BB25-9A098A0A5CE1}.Debug|x86.Build.0 = Debug|Any CPU
		{CD8C84D0-983C-49F5-BB25-9A098A0A5CE1}.Release|Any CPU.ActiveCfg = Release|Any CPU
		{CD8C84D0-983C-49F5-BB25-9A098A0A5CE1}.Release|Any CPU.Build.0 = Release|Any CPU
		{CD8C84D0-983C-49F5-BB25-9A098A0A5CE1}.Release|x86.ActiveCfg = Release|Any CPU
		{CD8C84D0-983C-49F5-BB25-9A098A0A5CE1}.Release|x86.Build.0 = Release|Any CPU
		{FA04DD6F-9542-400B-9CD6-019E2D70ADB0}.Debug|Any CPU.ActiveCfg = Debug|Any CPU
		{FA04DD6F-9542-400B-9CD6-019E2D70ADB0}.Debug|Any CPU.Build.0 = Debug|Any CPU
		{FA04DD6F-9542-400B-9CD6-019E2D70ADB0}.Debug|x86.ActiveCfg = Debug|Any CPU
		{FA04DD6F-9542-400B-9CD6-019E2D70ADB0}.Debug|x86.Build.0 = Debug|Any CPU
		{FA04DD6F-9542-400B-9CD6-019E2D70ADB0}.Release|Any CPU.ActiveCfg = Release|Any CPU
		{FA04DD6F-9542-400B-9CD6-019E2D70ADB0}.Release|Any CPU.Build.0 = Release|Any CPU
		{FA04DD6F-9542-400B-9CD6-019E2D70ADB0}.Release|x86.ActiveCfg = Release|Any CPU
		{FA04DD6F-9542-400B-9CD6-019E2D70ADB0}.Release|x86.Build.0 = Release|Any CPU
		{9CF5BC40-1FA2-4A50-9212-D972F3B77669}.Debug|Any CPU.ActiveCfg = Debug|Any CPU
		{9CF5BC40-1FA2-4A50-9212-D972F3B77669}.Debug|Any CPU.Build.0 = Debug|Any CPU
		{9CF5BC40-1FA2-4A50-9212-D972F3B77669}.Debug|x86.ActiveCfg = Debug|Win32
		{9CF5BC40-1FA2-4A50-9212-D972F3B77669}.Debug|x86.Build.0 = Debug|Win32
		{9CF5BC40-1FA2-4A50-9212-D972F3B77669}.Release|Any CPU.ActiveCfg = Release|Any CPU
		{9CF5BC40-1FA2-4A50-9212-D972F3B77669}.Release|Any CPU.Build.0 = Release|Any CPU
		{9CF5BC40-1FA2-4A50-9212-D972F3B77669}.Release|x86.ActiveCfg = Release|Win32
		{9CF5BC40-1FA2-4A50-9212-D972F3B77669}.Release|x86.Build.0 = Release|Win32
	EndGlobalSection
	GlobalSection(SolutionProperties) = preSolution
		HideSolutionNode = FALSE
	EndGlobalSection
	GlobalSection(ExtensibilityGlobals) = postSolution
		SolutionGuid = {1D67D5DD-670C-417B-8429-28E412AF242E}
	EndGlobalSection
EndGlobal
